
Microsoft Visual Studio Solution File, Format Version 12.00
# Visual Studio Version 16
VisualStudioVersion = 16.0.32929.386
MinimumVisualStudioVersion = 10.0.40219.1
Project("{FAE04EC0-301F-11D3-BF4B-00C04F79EFBC}") = "SocketServer", "SocketServer\SocketServer.csproj", "{6C0F4379-2507-4845-8078-18F0D490C048}"
EndProject
Global
	GlobalSection(SolutionConfigurationPlatforms) = preSolution
		Debug|Any CPU = Debug|Any CPU
		Release|Any CPU = Release|Any CPU
	EndGlobalSection
	GlobalSection(ProjectConfigurationPlatforms) = postSolution
		{6C0F4379-2507-4845-8078-18F0D490C048}.Debug|Any CPU.ActiveCfg = Debug|Any CPU
		{6C0F4379-2507-4845-8078-18F0D490C048}.Debug|Any CPU.Build.0 = Debug|Any CPU
		{6C0F4379-2507-4845-8078-18F0D490C048}.Release|Any CPU.ActiveCfg = Release|Any CPU
		{6C0F4379-2507-4845-8078-18F0D490C048}.Release|Any CPU.Build.0 = Release|Any CPU
	EndGlobalSection
	GlobalSection(SolutionProperties) = preSolution
		HideSolutionNode = FALSE
	EndGlobalSection
	GlobalSection(ExtensibilityGlobals) = postSolution
		SolutionGuid = {CBB57173-1FCA-48ED-9A43-33300D7B6912}
	EndGlobalSection
EndGlobal
