
Microsoft Visual Studio Solution File, Format Version 12.00
# Visual Studio Version 16
VisualStudioVersion = 16.0.31205.134
MinimumVisualStudioVersion = 10.0.40219.1
Project("{FAE04EC0-301F-11D3-BF4B-00C04F79EFBC}") = "Part001", "Part001\Part001.csproj", "{88BE83C4-7B93-42C5-8F33-598039D4AEFF}"
EndProject
Project("{FAE04EC0-301F-11D3-BF4B-00C04F79EFBC}") = "Part002", "Part002\Part002.csproj", "{1C41DCF7-AE57-4A13-8F71-321669234D2F}"
EndProject
Project("{FAE04EC0-301F-11D3-BF4B-00C04F79EFBC}") = "Part003", "Part003\Part003.csproj", "{422406D8-06F9-43B4-B168-D0DEDEA05F88}"
EndProject
Project("{FAE04EC0-301F-11D3-BF4B-00C04F79EFBC}") = "Part004", "Part004\Part004.csproj", "{A502DE70-ACD6-4EE1-8A15-A28FDD4AA001}"
EndProject
Project("{FAE04EC0-301F-11D3-BF4B-00C04F79EFBC}") = "Part005", "Part005\Part005.csproj", "{F1173964-EE40-4A64-94E3-CC1F7BEBB300}"
EndProject
Project("{FAE04EC0-301F-11D3-BF4B-00C04F79EFBC}") = "Part006", "Part006\Part006.csproj", "{3AEF316B-DDEB-4790-A2C3-94B661C62725}"
EndProject
Project("{FAE04EC0-301F-11D3-BF4B-00C04F79EFBC}") = "Part007", "Part007\Part007.csproj", "{731684FE-9E91-46EB-A7F9-F8DBBD7BDFC9}"
EndProject
Project("{FAE04EC0-301F-11D3-BF4B-00C04F79EFBC}") = "Part008", "Part008\Part008.csproj", "{521EF30D-D648-4A87-B564-EEC73373F0A4}"
EndProject
Project("{FAE04EC0-301F-11D3-BF4B-00C04F79EFBC}") = "Part009", "Part009\Part009.csproj", "{4BF918C8-2AD2-4673-9A5C-62568884FFF1}"
EndProject
Project("{FAE04EC0-301F-11D3-BF4B-00C04F79EFBC}") = "Part010", "Part010\Part010.csproj", "{7988930C-3F82-41C5-8B6B-FF04079D4AD0}"
EndProject
Project("{FAE04EC0-301F-11D3-BF4B-00C04F79EFBC}") = "Part011", "Part011\Part011.csproj", "{C866802A-AEBE-420B-BB3C-35C491F73D3F}"
EndProject
Project("{FAE04EC0-301F-11D3-BF4B-00C04F79EFBC}") = "Part012", "Part012\Part012.csproj", "{8D1EB2A4-B68F-4FE5-8035-3D2553288BE7}"
EndProject
Project("{FAE04EC0-301F-11D3-BF4B-00C04F79EFBC}") = "Part013", "Part013\Part013.csproj", "{75CAF867-DF1B-45E6-A7B0-19C48E19B31D}"
EndProject
Project("{FAE04EC0-301F-11D3-BF4B-00C04F79EFBC}") = "Part014", "Part014\Part014.csproj", "{389B9895-4C12-4904-8213-740A3474AEBD}"
EndProject
Project("{FAE04EC0-301F-11D3-BF4B-00C04F79EFBC}") = "Part015", "Part015\Part015.csproj", "{646530DC-5823-44C9-846D-D318EA32A29C}"
EndProject
Project("{FAE04EC0-301F-11D3-BF4B-00C04F79EFBC}") = "Part016", "Part016\Part016.csproj", "{0551BF69-C3B5-4F8D-AFB1-0370F927BFFC}"
EndProject
Project("{FAE04EC0-301F-11D3-BF4B-00C04F79EFBC}") = "Part017", "Part017\Part017.csproj", "{7B493D58-999C-4220-BFF5-1AF86500C905}"
EndProject
Project("{FAE04EC0-301F-11D3-BF4B-00C04F79EFBC}") = "Part018", "Part018\Part018.csproj", "{3890B974-80D8-4A5D-AD31-C0997D16DF75}"
EndProject
Project("{FAE04EC0-301F-11D3-BF4B-00C04F79EFBC}") = "Part019", "Part019\Part019.csproj", "{1C066DB7-BF1D-46FD-984C-7EB843DD11B0}"
EndProject
Project("{FAE04EC0-301F-11D3-BF4B-00C04F79EFBC}") = "Part020", "Part020\Part020.csproj", "{4330D698-6A1E-4022-839D-5356AF9CDB70}"
EndProject
Project("{FAE04EC0-301F-11D3-BF4B-00C04F79EFBC}") = "Part021", "Part021\Part021.csproj", "{4D494F51-D082-49EB-ADA6-07919A2127D7}"
EndProject
Project("{FAE04EC0-301F-11D3-BF4B-00C04F79EFBC}") = "Part022", "Part022\Part022.csproj", "{810CD3CF-9793-4365-82A6-E4C59015ABB8}"
EndProject
Project("{FAE04EC0-301F-11D3-BF4B-00C04F79EFBC}") = "Part023", "Part023\Part023.csproj", "{936ACB08-66A9-4B61-BC66-E61E02C75304}"
EndProject
Project("{FAE04EC0-301F-11D3-BF4B-00C04F79EFBC}") = "Part024", "Part024\Part024.csproj", "{8D22A764-667B-4006-8151-5A78CEB1348D}"
EndProject
Project("{FAE04EC0-301F-11D3-BF4B-00C04F79EFBC}") = "Part025", "Part025\Part025.csproj", "{A9D03C45-EC07-4ABC-A470-937F34F66CBE}"
EndProject
Project("{FAE04EC0-301F-11D3-BF4B-00C04F79EFBC}") = "Part026", "Part026\Part026.csproj", "{2D76C042-B121-4B3C-BF36-810D0AC7EDE6}"
EndProject
Project("{FAE04EC0-301F-11D3-BF4B-00C04F79EFBC}") = "Part027", "Part027\Part027.csproj", "{2BFDD1C1-1964-47B1-9BAB-3FFBEDDA4622}"
EndProject
Project("{FAE04EC0-301F-11D3-BF4B-00C04F79EFBC}") = "Part028", "Part028\Part028.csproj", "{705D6CBB-A0F0-452B-AABE-673E7AE50C87}"
EndProject
Project("{FAE04EC0-301F-11D3-BF4B-00C04F79EFBC}") = "Part029", "Part029\Part029.csproj", "{948C58CE-6389-439E-B6D9-F4189863EB17}"
EndProject
Global
	GlobalSection(SolutionConfigurationPlatforms) = preSolution
		Debug|Any CPU = Debug|Any CPU
		Release|Any CPU = Release|Any CPU
	EndGlobalSection
	GlobalSection(ProjectConfigurationPlatforms) = postSolution
		{88BE83C4-7B93-42C5-8F33-598039D4AEFF}.Debug|Any CPU.ActiveCfg = Debug|Any CPU
		{88BE83C4-7B93-42C5-8F33-598039D4AEFF}.Debug|Any CPU.Build.0 = Debug|Any CPU
		{88BE83C4-7B93-42C5-8F33-598039D4AEFF}.Release|Any CPU.ActiveCfg = Release|Any CPU
		{88BE83C4-7B93-42C5-8F33-598039D4AEFF}.Release|Any CPU.Build.0 = Release|Any CPU
		{1C41DCF7-AE57-4A13-8F71-321669234D2F}.Debug|Any CPU.ActiveCfg = Debug|Any CPU
		{1C41DCF7-AE57-4A13-8F71-321669234D2F}.Debug|Any CPU.Build.0 = Debug|Any CPU
		{1C41DCF7-AE57-4A13-8F71-321669234D2F}.Release|Any CPU.ActiveCfg = Release|Any CPU
		{1C41DCF7-AE57-4A13-8F71-321669234D2F}.Release|Any CPU.Build.0 = Release|Any CPU
		{422406D8-06F9-43B4-B168-D0DEDEA05F88}.Debug|Any CPU.ActiveCfg = Debug|Any CPU
		{422406D8-06F9-43B4-B168-D0DEDEA05F88}.Debug|Any CPU.Build.0 = Debug|Any CPU
		{422406D8-06F9-43B4-B168-D0DEDEA05F88}.Release|Any CPU.ActiveCfg = Release|Any CPU
		{422406D8-06F9-43B4-B168-D0DEDEA05F88}.Release|Any CPU.Build.0 = Release|Any CPU
		{A502DE70-ACD6-4EE1-8A15-A28FDD4AA001}.Debug|Any CPU.ActiveCfg = Debug|Any CPU
		{A502DE70-ACD6-4EE1-8A15-A28FDD4AA001}.Debug|Any CPU.Build.0 = Debug|Any CPU
		{A502DE70-ACD6-4EE1-8A15-A28FDD4AA001}.Release|Any CPU.ActiveCfg = Release|Any CPU
		{A502DE70-ACD6-4EE1-8A15-A28FDD4AA001}.Release|Any CPU.Build.0 = Release|Any CPU
		{F1173964-EE40-4A64-94E3-CC1F7BEBB300}.Debug|Any CPU.ActiveCfg = Debug|Any CPU
		{F1173964-EE40-4A64-94E3-CC1F7BEBB300}.Debug|Any CPU.Build.0 = Debug|Any CPU
		{F1173964-EE40-4A64-94E3-CC1F7BEBB300}.Release|Any CPU.ActiveCfg = Release|Any CPU
		{F1173964-EE40-4A64-94E3-CC1F7BEBB300}.Release|Any CPU.Build.0 = Release|Any CPU
		{3AEF316B-DDEB-4790-A2C3-94B661C62725}.Debug|Any CPU.ActiveCfg = Debug|Any CPU
		{3AEF316B-DDEB-4790-A2C3-94B661C62725}.Debug|Any CPU.Build.0 = Debug|Any CPU
		{3AEF316B-DDEB-4790-A2C3-94B661C62725}.Release|Any CPU.ActiveCfg = Release|Any CPU
		{3AEF316B-DDEB-4790-A2C3-94B661C62725}.Release|Any CPU.Build.0 = Release|Any CPU
		{731684FE-9E91-46EB-A7F9-F8DBBD7BDFC9}.Debug|Any CPU.ActiveCfg = Debug|Any CPU
		{731684FE-9E91-46EB-A7F9-F8DBBD7BDFC9}.Debug|Any CPU.Build.0 = Debug|Any CPU
		{731684FE-9E91-46EB-A7F9-F8DBBD7BDFC9}.Release|Any CPU.ActiveCfg = Release|Any CPU
		{731684FE-9E91-46EB-A7F9-F8DBBD7BDFC9}.Release|Any CPU.Build.0 = Release|Any CPU
		{521EF30D-D648-4A87-B564-EEC73373F0A4}.Debug|Any CPU.ActiveCfg = Debug|Any CPU
		{521EF30D-D648-4A87-B564-EEC73373F0A4}.Debug|Any CPU.Build.0 = Debug|Any CPU
		{521EF30D-D648-4A87-B564-EEC73373F0A4}.Release|Any CPU.ActiveCfg = Release|Any CPU
		{521EF30D-D648-4A87-B564-EEC73373F0A4}.Release|Any CPU.Build.0 = Release|Any CPU
		{4BF918C8-2AD2-4673-9A5C-62568884FFF1}.Debug|Any CPU.ActiveCfg = Debug|Any CPU
		{4BF918C8-2AD2-4673-9A5C-62568884FFF1}.Debug|Any CPU.Build.0 = Debug|Any CPU
		{4BF918C8-2AD2-4673-9A5C-62568884FFF1}.Release|Any CPU.ActiveCfg = Release|Any CPU
		{4BF918C8-2AD2-4673-9A5C-62568884FFF1}.Release|Any CPU.Build.0 = Release|Any CPU
		{7988930C-3F82-41C5-8B6B-FF04079D4AD0}.Debug|Any CPU.ActiveCfg = Debug|Any CPU
		{7988930C-3F82-41C5-8B6B-FF04079D4AD0}.Debug|Any CPU.Build.0 = Debug|Any CPU
		{7988930C-3F82-41C5-8B6B-FF04079D4AD0}.Release|Any CPU.ActiveCfg = Release|Any CPU
		{7988930C-3F82-41C5-8B6B-FF04079D4AD0}.Release|Any CPU.Build.0 = Release|Any CPU
		{C866802A-AEBE-420B-BB3C-35C491F73D3F}.Debug|Any CPU.ActiveCfg = Debug|Any CPU
		{C866802A-AEBE-420B-BB3C-35C491F73D3F}.Debug|Any CPU.Build.0 = Debug|Any CPU
		{C866802A-AEBE-420B-BB3C-35C491F73D3F}.Release|Any CPU.ActiveCfg = Release|Any CPU
		{C866802A-AEBE-420B-BB3C-35C491F73D3F}.Release|Any CPU.Build.0 = Release|Any CPU
		{8D1EB2A4-B68F-4FE5-8035-3D2553288BE7}.Debug|Any CPU.ActiveCfg = Debug|Any CPU
		{8D1EB2A4-B68F-4FE5-8035-3D2553288BE7}.Debug|Any CPU.Build.0 = Debug|Any CPU
		{8D1EB2A4-B68F-4FE5-8035-3D2553288BE7}.Release|Any CPU.ActiveCfg = Release|Any CPU
		{8D1EB2A4-B68F-4FE5-8035-3D2553288BE7}.Release|Any CPU.Build.0 = Release|Any CPU
		{75CAF867-DF1B-45E6-A7B0-19C48E19B31D}.Debug|Any CPU.ActiveCfg = Debug|Any CPU
		{75CAF867-DF1B-45E6-A7B0-19C48E19B31D}.Debug|Any CPU.Build.0 = Debug|Any CPU
		{75CAF867-DF1B-45E6-A7B0-19C48E19B31D}.Release|Any CPU.ActiveCfg = Release|Any CPU
		{75CAF867-DF1B-45E6-A7B0-19C48E19B31D}.Release|Any CPU.Build.0 = Release|Any CPU
		{389B9895-4C12-4904-8213-740A3474AEBD}.Debug|Any CPU.ActiveCfg = Debug|Any CPU
		{389B9895-4C12-4904-8213-740A3474AEBD}.Debug|Any CPU.Build.0 = Debug|Any CPU
		{389B9895-4C12-4904-8213-740A3474AEBD}.Release|Any CPU.ActiveCfg = Release|Any CPU
		{389B9895-4C12-4904-8213-740A3474AEBD}.Release|Any CPU.Build.0 = Release|Any CPU
		{646530DC-5823-44C9-846D-D318EA32A29C}.Debug|Any CPU.ActiveCfg = Debug|Any CPU
		{646530DC-5823-44C9-846D-D318EA32A29C}.Debug|Any CPU.Build.0 = Debug|Any CPU
		{646530DC-5823-44C9-846D-D318EA32A29C}.Release|Any CPU.ActiveCfg = Release|Any CPU
		{646530DC-5823-44C9-846D-D318EA32A29C}.Release|Any CPU.Build.0 = Release|Any CPU
		{0551BF69-C3B5-4F8D-AFB1-0370F927BFFC}.Debug|Any CPU.ActiveCfg = Debug|Any CPU
		{0551BF69-C3B5-4F8D-AFB1-0370F927BFFC}.Debug|Any CPU.Build.0 = Debug|Any CPU
		{0551BF69-C3B5-4F8D-AFB1-0370F927BFFC}.Release|Any CPU.ActiveCfg = Release|Any CPU
		{0551BF69-C3B5-4F8D-AFB1-0370F927BFFC}.Release|Any CPU.Build.0 = Release|Any CPU
		{7B493D58-999C-4220-BFF5-1AF86500C905}.Debug|Any CPU.ActiveCfg = Debug|Any CPU
		{7B493D58-999C-4220-BFF5-1AF86500C905}.Debug|Any CPU.Build.0 = Debug|Any CPU
		{7B493D58-999C-4220-BFF5-1AF86500C905}.Release|Any CPU.ActiveCfg = Release|Any CPU
		{7B493D58-999C-4220-BFF5-1AF86500C905}.Release|Any CPU.Build.0 = Release|Any CPU
		{3890B974-80D8-4A5D-AD31-C0997D16DF75}.Debug|Any CPU.ActiveCfg = Debug|Any CPU
		{3890B974-80D8-4A5D-AD31-C0997D16DF75}.Debug|Any CPU.Build.0 = Debug|Any CPU
		{3890B974-80D8-4A5D-AD31-C0997D16DF75}.Release|Any CPU.ActiveCfg = Release|Any CPU
		{3890B974-80D8-4A5D-AD31-C0997D16DF75}.Release|Any CPU.Build.0 = Release|Any CPU
		{1C066DB7-BF1D-46FD-984C-7EB843DD11B0}.Debug|Any CPU.ActiveCfg = Debug|Any CPU
		{1C066DB7-BF1D-46FD-984C-7EB843DD11B0}.Debug|Any CPU.Build.0 = Debug|Any CPU
		{1C066DB7-BF1D-46FD-984C-7EB843DD11B0}.Release|Any CPU.ActiveCfg = Release|Any CPU
		{1C066DB7-BF1D-46FD-984C-7EB843DD11B0}.Release|Any CPU.Build.0 = Release|Any CPU
		{4330D698-6A1E-4022-839D-5356AF9CDB70}.Debug|Any CPU.ActiveCfg = Debug|Any CPU
		{4330D698-6A1E-4022-839D-5356AF9CDB70}.Debug|Any CPU.Build.0 = Debug|Any CPU
		{4330D698-6A1E-4022-839D-5356AF9CDB70}.Release|Any CPU.ActiveCfg = Release|Any CPU
		{4330D698-6A1E-4022-839D-5356AF9CDB70}.Release|Any CPU.Build.0 = Release|Any CPU
		{4D494F51-D082-49EB-ADA6-07919A2127D7}.Debug|Any CPU.ActiveCfg = Debug|Any CPU
		{4D494F51-D082-49EB-ADA6-07919A2127D7}.Debug|Any CPU.Build.0 = Debug|Any CPU
		{4D494F51-D082-49EB-ADA6-07919A2127D7}.Release|Any CPU.ActiveCfg = Release|Any CPU
		{4D494F51-D082-49EB-ADA6-07919A2127D7}.Release|Any CPU.Build.0 = Release|Any CPU
		{810CD3CF-9793-4365-82A6-E4C59015ABB8}.Debug|Any CPU.ActiveCfg = Debug|Any CPU
		{810CD3CF-9793-4365-82A6-E4C59015ABB8}.Debug|Any CPU.Build.0 = Debug|Any CPU
		{810CD3CF-9793-4365-82A6-E4C59015ABB8}.Release|Any CPU.ActiveCfg = Release|Any CPU
		{810CD3CF-9793-4365-82A6-E4C59015ABB8}.Release|Any CPU.Build.0 = Release|Any CPU
		{936ACB08-66A9-4B61-BC66-E61E02C75304}.Debug|Any CPU.ActiveCfg = Debug|Any CPU
		{936ACB08-66A9-4B61-BC66-E61E02C75304}.Debug|Any CPU.Build.0 = Debug|Any CPU
		{936ACB08-66A9-4B61-BC66-E61E02C75304}.Release|Any CPU.ActiveCfg = Release|Any CPU
		{936ACB08-66A9-4B61-BC66-E61E02C75304}.Release|Any CPU.Build.0 = Release|Any CPU
		{8D22A764-667B-4006-8151-5A78CEB1348D}.Debug|Any CPU.ActiveCfg = Debug|Any CPU
		{8D22A764-667B-4006-8151-5A78CEB1348D}.Debug|Any CPU.Build.0 = Debug|Any CPU
		{8D22A764-667B-4006-8151-5A78CEB1348D}.Release|Any CPU.ActiveCfg = Release|Any CPU
		{8D22A764-667B-4006-8151-5A78CEB1348D}.Release|Any CPU.Build.0 = Release|Any CPU
		{A9D03C45-EC07-4ABC-A470-937F34F66CBE}.Debug|Any CPU.ActiveCfg = Debug|Any CPU
		{A9D03C45-EC07-4ABC-A470-937F34F66CBE}.Debug|Any CPU.Build.0 = Debug|Any CPU
		{A9D03C45-EC07-4ABC-A470-937F34F66CBE}.Release|Any CPU.ActiveCfg = Release|Any CPU
		{A9D03C45-EC07-4ABC-A470-937F34F66CBE}.Release|Any CPU.Build.0 = Release|Any CPU
		{2D76C042-B121-4B3C-BF36-810D0AC7EDE6}.Debug|Any CPU.ActiveCfg = Debug|Any CPU
		{2D76C042-B121-4B3C-BF36-810D0AC7EDE6}.Debug|Any CPU.Build.0 = Debug|Any CPU
		{2D76C042-B121-4B3C-BF36-810D0AC7EDE6}.Release|Any CPU.ActiveCfg = Release|Any CPU
		{2D76C042-B121-4B3C-BF36-810D0AC7EDE6}.Release|Any CPU.Build.0 = Release|Any CPU
		{2BFDD1C1-1964-47B1-9BAB-3FFBEDDA4622}.Debug|Any CPU.ActiveCfg = Debug|Any CPU
		{2BFDD1C1-1964-47B1-9BAB-3FFBEDDA4622}.Debug|Any CPU.Build.0 = Debug|Any CPU
		{2BFDD1C1-1964-47B1-9BAB-3FFBEDDA4622}.Release|Any CPU.ActiveCfg = Release|Any CPU
		{2BFDD1C1-1964-47B1-9BAB-3FFBEDDA4622}.Release|Any CPU.Build.0 = Release|Any CPU
		{705D6CBB-A0F0-452B-AABE-673E7AE50C87}.Debug|Any CPU.ActiveCfg = Debug|Any CPU
		{705D6CBB-A0F0-452B-AABE-673E7AE50C87}.Debug|Any CPU.Build.0 = Debug|Any CPU
		{705D6CBB-A0F0-452B-AABE-673E7AE50C87}.Release|Any CPU.ActiveCfg = Release|Any CPU
		{705D6CBB-A0F0-452B-AABE-673E7AE50C87}.Release|Any CPU.Build.0 = Release|Any CPU
		{948C58CE-6389-439E-B6D9-F4189863EB17}.Debug|Any CPU.ActiveCfg = Debug|Any CPU
		{948C58CE-6389-439E-B6D9-F4189863EB17}.Debug|Any CPU.Build.0 = Debug|Any CPU
		{948C58CE-6389-439E-B6D9-F4189863EB17}.Release|Any CPU.ActiveCfg = Release|Any CPU
		{948C58CE-6389-439E-B6D9-F4189863EB17}.Release|Any CPU.Build.0 = Release|Any CPU
	EndGlobalSection
	GlobalSection(SolutionProperties) = preSolution
		HideSolutionNode = FALSE
	EndGlobalSection
	GlobalSection(ExtensibilityGlobals) = postSolution
		SolutionGuid = {C6855F1A-E31C-4F1D-A5CF-8CB3678C2834}
	EndGlobalSection
EndGlobal
