
Microsoft Visual Studio Solution File, Format Version 12.00
# Visual Studio Version 16
VisualStudioVersion = 16.0.32413.511
MinimumVisualStudioVersion = 10.0.40219.1
Project("{FAE04EC0-301F-11D3-BF4B-00C04F79EFBC}") = "GDIPlus", "GDIPlus\GDIPlus.csproj", "{9C7750AC-D1C4-4259-8CAA-3B52E4DACD26}"
EndProject
Global
	GlobalSection(SolutionConfigurationPlatforms) = preSolution
		Debug|Any CPU = Debug|Any CPU
		Release|Any CPU = Release|Any CPU
	EndGlobalSection
	GlobalSection(ProjectConfigurationPlatforms) = postSolution
		{9C7750AC-D1C4-4259-8CAA-3B52E4DACD26}.Debug|Any CPU.ActiveCfg = Debug|Any CPU
		{9C7750AC-D1C4-4259-8CAA-3B52E4DACD26}.Debug|Any CPU.Build.0 = Debug|Any CPU
		{9C7750AC-D1C4-4259-8CAA-3B52E4DACD26}.Release|Any CPU.ActiveCfg = Release|Any CPU
		{9C7750AC-D1C4-4259-8CAA-3B52E4DACD26}.Release|Any CPU.Build.0 = Release|Any CPU
	EndGlobalSection
	GlobalSection(SolutionProperties) = preSolution
		HideSolutionNode = FALSE
	EndGlobalSection
	GlobalSection(ExtensibilityGlobals) = postSolution
		SolutionGuid = {5888AA4C-7068-4A4E-AF49-B2E177A8E09B}
	EndGlobalSection
EndGlobal
