
Microsoft Visual Studio Solution File, Format Version 12.00
# Visual Studio Version 16
VisualStudioVersion = 16.0.31005.135
MinimumVisualStudioVersion = 10.0.40219.1
Project("{FAE04EC0-301F-11D3-BF4B-00C04F79EFBC}") = "ExFibonacci", "ExFibonacci.csproj", "{EB28AC0E-092E-4956-8D7E-A0F11CEDDBCC}"
EndProject
Global
	GlobalSection(SolutionConfigurationPlatforms) = preSolution
		Debug|Any CPU = Debug|Any CPU
		Release|Any CPU = Release|Any CPU
	EndGlobalSection
	GlobalSection(ProjectConfigurationPlatforms) = postSolution
		{EB28AC0E-092E-4956-8D7E-A0F11CEDDBCC}.Debug|Any CPU.ActiveCfg = Debug|Any CPU
		{EB28AC0E-092E-4956-8D7E-A0F11CEDDBCC}.Debug|Any CPU.Build.0 = Debug|Any CPU
		{EB28AC0E-092E-4956-8D7E-A0F11CEDDBCC}.Release|Any CPU.ActiveCfg = Release|Any CPU
		{EB28AC0E-092E-4956-8D7E-A0F11CEDDBCC}.Release|Any CPU.Build.0 = Release|Any CPU
	EndGlobalSection
	GlobalSection(SolutionProperties) = preSolution
		HideSolutionNode = FALSE
	EndGlobalSection
	GlobalSection(ExtensibilityGlobals) = postSolution
		SolutionGuid = {D8CDC939-D717-4670-A4C8-75EA5E3CAE9C}
	EndGlobalSection
EndGlobal
