
Microsoft Visual Studio Solution File, Format Version 12.00
# Visual Studio Version 16
VisualStudioVersion = 16.0.32929.386
MinimumVisualStudioVersion = 10.0.40219.1
Project("{FAE04EC0-301F-11D3-BF4B-00C04F79EFBC}") = "Lambda", "Lambda\Lambda.csproj", "{6B60067C-F344-4E4A-A3B2-78BCFCA3357C}"
EndProject
Global
	GlobalSection(SolutionConfigurationPlatforms) = preSolution
		Debug|Any CPU = Debug|Any CPU
		Release|Any CPU = Release|Any CPU
	EndGlobalSection
	GlobalSection(ProjectConfigurationPlatforms) = postSolution
		{6B60067C-F344-4E4A-A3B2-78BCFCA3357C}.Debug|Any CPU.ActiveCfg = Debug|Any CPU
		{6B60067C-F344-4E4A-A3B2-78BCFCA3357C}.Debug|Any CPU.Build.0 = Debug|Any CPU
		{6B60067C-F344-4E4A-A3B2-78BCFCA3357C}.Release|Any CPU.ActiveCfg = Release|Any CPU
		{6B60067C-F344-4E4A-A3B2-78BCFCA3357C}.Release|Any CPU.Build.0 = Release|Any CPU
	EndGlobalSection
	GlobalSection(SolutionProperties) = preSolution
		HideSolutionNode = FALSE
	EndGlobalSection
	GlobalSection(ExtensibilityGlobals) = postSolution
		SolutionGuid = {240AA94F-5BDD-41A2-A8DB-23D4FAC77526}
	EndGlobalSection
EndGlobal
