
Microsoft Visual Studio Solution File, Format Version 12.00
# Visual Studio Version 16
VisualStudioVersion = 16.0.31005.135
MinimumVisualStudioVersion = 10.0.40219.1
Project("{FAE04EC0-301F-11D3-BF4B-00C04F79EFBC}") = "MetodoMain", "MetodoMain\MetodoMain.csproj", "{53968743-0DEE-49BF-A843-502B8BEEFA2F}"
EndProject
Global
	GlobalSection(SolutionConfigurationPlatforms) = preSolution
		Debug|Any CPU = Debug|Any CPU
		Release|Any CPU = Release|Any CPU
	EndGlobalSection
	GlobalSection(ProjectConfigurationPlatforms) = postSolution
		{53968743-0DEE-49BF-A843-502B8BEEFA2F}.Debug|Any CPU.ActiveCfg = Debug|Any CPU
		{53968743-0DEE-49BF-A843-502B8BEEFA2F}.Debug|Any CPU.Build.0 = Debug|Any CPU
		{53968743-0DEE-49BF-A843-502B8BEEFA2F}.Release|Any CPU.ActiveCfg = Release|Any CPU
		{53968743-0DEE-49BF-A843-502B8BEEFA2F}.Release|Any CPU.Build.0 = Release|Any CPU
	EndGlobalSection
	GlobalSection(SolutionProperties) = preSolution
		HideSolutionNode = FALSE
	EndGlobalSection
	GlobalSection(ExtensibilityGlobals) = postSolution
		SolutionGuid = {655590A0-2F23-448C-823F-1A8DF0234036}
	EndGlobalSection
EndGlobal
