
Microsoft Visual Studio Solution File, Format Version 12.00
# Visual Studio Version 16
VisualStudioVersion = 16.0.32929.386
MinimumVisualStudioVersion = 10.0.40219.1
Project("{FAE04EC0-301F-11D3-BF4B-00C04F79EFBC}") = "ChatServer", "ChatServer\ChatServer.csproj", "{16EA9E7D-692F-446C-8A9C-A014201FFC13}"
EndProject
Global
	GlobalSection(SolutionConfigurationPlatforms) = preSolution
		Debug|Any CPU = Debug|Any CPU
		Release|Any CPU = Release|Any CPU
	EndGlobalSection
	GlobalSection(ProjectConfigurationPlatforms) = postSolution
		{16EA9E7D-692F-446C-8A9C-A014201FFC13}.Debug|Any CPU.ActiveCfg = Debug|Any CPU
		{16EA9E7D-692F-446C-8A9C-A014201FFC13}.Debug|Any CPU.Build.0 = Debug|Any CPU
		{16EA9E7D-692F-446C-8A9C-A014201FFC13}.Release|Any CPU.ActiveCfg = Release|Any CPU
		{16EA9E7D-692F-446C-8A9C-A014201FFC13}.Release|Any CPU.Build.0 = Release|Any CPU
	EndGlobalSection
	GlobalSection(SolutionProperties) = preSolution
		HideSolutionNode = FALSE
	EndGlobalSection
	GlobalSection(ExtensibilityGlobals) = postSolution
		SolutionGuid = {26EECBB5-5BE8-4F3E-ABC3-EDEAE5F5B38E}
	EndGlobalSection
EndGlobal
